
Microsoft Visual Studio Solution File, Format Version 12.00
# Visual Studio Version 17
VisualStudioVersion = 17.3.32825.248
MinimumVisualStudioVersion = 10.0.40219.1
Project("{9A19103F-16F7-4668-BE54-9A1E7A4F7556}") = "DesafioFundamentos", "DesafioFundamentos.csproj", "{56A7386E-AF42-4936-9109-2A08B65B3554}"
EndProject
Global
	GlobalSection(SolutionConfigurationPlatforms) = preSolution
		Debug|Any CPU = Debug|Any CPU
		Release|Any CPU = Release|Any CPU
	EndGlobalSection
	GlobalSection(ProjectConfigurationPlatforms) = postSolution
		{56A7386E-AF42-4936-9109-2A08B65B3554}.Debug|Any CPU.ActiveCfg = Debug|Any CPU
		{56A7386E-AF42-4936-9109-2A08B65B3554}.Debug|Any CPU.Build.0 = Debug|Any CPU
		{56A7386E-AF42-4936-9109-2A08B65B3554}.Release|Any CPU.ActiveCfg = Release|Any CPU
		{56A7386E-AF42-4936-9109-2A08B65B3554}.Release|Any CPU.Build.0 = Release|Any CPU
	EndGlobalSection
	GlobalSection(SolutionProperties) = preSolution
		HideSolutionNode = FALSE
	EndGlobalSection
	GlobalSection(ExtensibilityGlobals) = postSolution
		SolutionGuid = {0F20AE50-52CA-4723-8744-FBD36E0238E2}
	EndGlobalSection
EndGlobal
